
Microsoft Visual Studio Solution File, Format Version 12.00
# Visual Studio Version 17
VisualStudioVersion = 17.14.36915.13 d17.14
MinimumVisualStudioVersion = 10.0.40219.1
Project("{FAE04EC0-301F-11D3-BF4B-00C04F79EFBC}") = "VisualizadorDeImagens", "VisualizadorDeImagens\VisualizadorDeImagens.csproj", "{277FA204-E2A0-41C9-A808-A730B0DCE4AA}"
EndProject
Global
	GlobalSection(SolutionConfigurationPlatforms) = preSolution
		Debug|Any CPU = Debug|Any CPU
		Release|Any CPU = Release|Any CPU
	EndGlobalSection
	GlobalSection(ProjectConfigurationPlatforms) = postSolution
		{277FA204-E2A0-41C9-A808-A730B0DCE4AA}.Debug|Any CPU.ActiveCfg = Debug|Any CPU
		{277FA204-E2A0-41C9-A808-A730B0DCE4AA}.Debug|Any CPU.Build.0 = Debug|Any CPU
		{277FA204-E2A0-41C9-A808-A730B0DCE4AA}.Release|Any CPU.ActiveCfg = Release|Any CPU
		{277FA204-E2A0-41C9-A808-A730B0DCE4AA}.Release|Any CPU.Build.0 = Release|Any CPU
	EndGlobalSection
	GlobalSection(SolutionProperties) = preSolution
		HideSolutionNode = FALSE
	EndGlobalSection
	GlobalSection(ExtensibilityGlobals) = postSolution
		SolutionGuid = {BE7F894F-C2AC-41C4-B270-1292823FC96F}
	EndGlobalSection
EndGlobal
